// !$*UTF8*$!
{
	archiveVersion = 1;
	classes = {
	};
	objectVersion = 56;
	objects = {

/* Begin PBXBuildFile section */
		A1000200 /* MyWeChatApp.swift in Sources */ = {isa = PBXBuildFile; fileRef = A1000100 /* MyWeChatApp.swift */; };
		A1000201 /* AppSession.swift in Sources */ = {isa = PBXBuildFile; fileRef = A1000101 /* AppSession.swift */; };
		A1000202 /* Account.swift in Sources */ = {isa = PBXBuildFile; fileRef = A1000102 /* Account.swift */; };
		A1000203 /* Chat.swift in Sources */ = {isa = PBXBuildFile; fileRef = A1000103 /* Chat.swift */; };
		A1000204 /* ChatMessage.swift in Sources */ = {isa = PBXBuildFile; fileRef = A1000104 /* ChatMessage.swift */; };
		A1000205 /* ScheduleTask.swift in Sources */ = {isa = PBXBuildFile; fileRef = A1000105 /* ScheduleTask.swift */; };
		A1000206 /* AppSettings.swift in Sources */ = {isa = PBXBuildFile; fileRef = A1000106 /* AppSettings.swift */; };
		A1000207 /* MediaSelection.swift in Sources */ = {isa = PBXBuildFile; fileRef = A1000107 /* MediaSelection.swift */; };
		A1000208 /* NetworkModels.swift in Sources */ = {isa = PBXBuildFile; fileRef = A1000108 /* NetworkModels.swift */; };
		A1000209 /* StorageManager.swift in Sources */ = {isa = PBXBuildFile; fileRef = A1000109 /* StorageManager.swift */; };
		A100020A /* AudioRecorder.swift in Sources */ = {isa = PBXBuildFile; fileRef = A100010A /* AudioRecorder.swift */; };
		A100020B /* APIClient.swift in Sources */ = {isa = PBXBuildFile; fileRef = A100010B /* APIClient.swift */; };
		A100020C /* WebSocketManager.swift in Sources */ = {isa = PBXBuildFile; fileRef = A100010C /* WebSocketManager.swift */; };
		A100020D /* MediaPicker.swift in Sources */ = {isa = PBXBuildFile; fileRef = A100010D /* MediaPicker.swift */; };
		A100020E /* Helpers.swift in Sources */ = {isa = PBXBuildFile; fileRef = A100010E /* Helpers.swift */; };
		A100020F /* RootView.swift in Sources */ = {isa = PBXBuildFile; fileRef = A100010F /* RootView.swift */; };
		A1000210 /* ChatListScreen.swift in Sources */ = {isa = PBXBuildFile; fileRef = A1000110 /* ChatListScreen.swift */; };
		A1000211 /* ChatDetailScreen.swift in Sources */ = {isa = PBXBuildFile; fileRef = A1000111 /* ChatDetailScreen.swift */; };
		A1000212 /* MessageRow.swift in Sources */ = {isa = PBXBuildFile; fileRef = A1000112 /* MessageRow.swift */; };
		A1000213 /* AccountScreen.swift in Sources */ = {isa = PBXBuildFile; fileRef = A1000113 /* AccountScreen.swift */; };
		A1000214 /* ScheduleListScreen.swift in Sources */ = {isa = PBXBuildFile; fileRef = A1000114 /* ScheduleListScreen.swift */; };
		A1000215 /* ScheduleEditorScreen.swift in Sources */ = {isa = PBXBuildFile; fileRef = A1000115 /* ScheduleEditorScreen.swift */; };
		A1000216 /* SettingsScreen.swift in Sources */ = {isa = PBXBuildFile; fileRef = A1000116 /* SettingsScreen.swift */; };
		A1000217 /* Assets.xcassets in Resources */ = {isa = PBXBuildFile; fileRef = A1000117 /* Assets.xcassets */; };
		A1000300 /* PhotosUI.framework in Frameworks */ = {isa = PBXBuildFile; fileRef = A1000400 /* PhotosUI.framework */; };
		A1000301 /* QuickLook.framework in Frameworks */ = {isa = PBXBuildFile; fileRef = A1000401 /* QuickLook.framework */; };
		A1000302 /* AVFoundation.framework in Frameworks */ = {isa = PBXBuildFile; fileRef = A1000402 /* AVFoundation.framework */; };
		A1000303 /* UserNotifications.framework in Frameworks */ = {isa = PBXBuildFile; fileRef = A1000403 /* UserNotifications.framework */; };
		A1000304 /* MobileCoreServices.framework in Frameworks */ = {isa = PBXBuildFile; fileRef = A1000404 /* MobileCoreServices.framework */; };
/* End PBXBuildFile section */

/* Begin PBXFileReference section */
		A1000100 /* MyWeChatApp.swift */ = {isa = PBXFileReference; lastKnownFileType = sourcecode.swift; path = MyWeChatApp.swift; sourceTree = "<group>"; };
		A1000101 /* AppSession.swift */ = {isa = PBXFileReference; lastKnownFileType = sourcecode.swift; path = AppSession.swift; sourceTree = "<group>"; };
		A1000102 /* Account.swift */ = {isa = PBXFileReference; lastKnownFileType = sourcecode.swift; path = Account.swift; sourceTree = "<group>"; };
		A1000103 /* Chat.swift */ = {isa = PBXFileReference; lastKnownFileType = sourcecode.swift; path = Chat.swift; sourceTree = "<group>"; };
		A1000104 /* ChatMessage.swift */ = {isa = PBXFileReference; lastKnownFileType = sourcecode.swift; path = ChatMessage.swift; sourceTree = "<group>"; };
		A1000105 /* ScheduleTask.swift */ = {isa = PBXFileReference; lastKnownFileType = sourcecode.swift; path = ScheduleTask.swift; sourceTree = "<group>"; };
		A1000106 /* AppSettings.swift */ = {isa = PBXFileReference; lastKnownFileType = sourcecode.swift; path = AppSettings.swift; sourceTree = "<group>"; };
		A1000107 /* MediaSelection.swift */ = {isa = PBXFileReference; lastKnownFileType = sourcecode.swift; path = MediaSelection.swift; sourceTree = "<group>"; };
		A1000108 /* NetworkModels.swift */ = {isa = PBXFileReference; lastKnownFileType = sourcecode.swift; path = NetworkModels.swift; sourceTree = "<group>"; };
		A1000109 /* StorageManager.swift */ = {isa = PBXFileReference; lastKnownFileType = sourcecode.swift; path = StorageManager.swift; sourceTree = "<group>"; };
		A100010A /* AudioRecorder.swift */ = {isa = PBXFileReference; lastKnownFileType = sourcecode.swift; path = AudioRecorder.swift; sourceTree = "<group>"; };
		A100010B /* APIClient.swift */ = {isa = PBXFileReference; lastKnownFileType = sourcecode.swift; path = APIClient.swift; sourceTree = "<group>"; };
		A100010C /* WebSocketManager.swift */ = {isa = PBXFileReference; lastKnownFileType = sourcecode.swift; path = WebSocketManager.swift; sourceTree = "<group>"; };
		A100010D /* MediaPicker.swift */ = {isa = PBXFileReference; lastKnownFileType = sourcecode.swift; path = MediaPicker.swift; sourceTree = "<group>"; };
		A100010E /* Helpers.swift */ = {isa = PBXFileReference; lastKnownFileType = sourcecode.swift; path = Helpers.swift; sourceTree = "<group>"; };
		A100010F /* RootView.swift */ = {isa = PBXFileReference; lastKnownFileType = sourcecode.swift; path = RootView.swift; sourceTree = "<group>"; };
		A1000110 /* ChatListScreen.swift */ = {isa = PBXFileReference; lastKnownFileType = sourcecode.swift; path = ChatListScreen.swift; sourceTree = "<group>"; };
		A1000111 /* ChatDetailScreen.swift */ = {isa = PBXFileReference; lastKnownFileType = sourcecode.swift; path = ChatDetailScreen.swift; sourceTree = "<group>"; };
		A1000112 /* MessageRow.swift */ = {isa = PBXFileReference; lastKnownFileType = sourcecode.swift; path = MessageRow.swift; sourceTree = "<group>"; };
		A1000113 /* AccountScreen.swift */ = {isa = PBXFileReference; lastKnownFileType = sourcecode.swift; path = AccountScreen.swift; sourceTree = "<group>"; };
		A1000114 /* ScheduleListScreen.swift */ = {isa = PBXFileReference; lastKnownFileType = sourcecode.swift; path = ScheduleListScreen.swift; sourceTree = "<group>"; };
		A1000115 /* ScheduleEditorScreen.swift */ = {isa = PBXFileReference; lastKnownFileType = sourcecode.swift; path = ScheduleEditorScreen.swift; sourceTree = "<group>"; };
		A1000116 /* SettingsScreen.swift */ = {isa = PBXFileReference; lastKnownFileType = sourcecode.swift; path = SettingsScreen.swift; sourceTree = "<group>"; };
		A1000117 /* Assets.xcassets */ = {isa = PBXFileReference; lastKnownFileType = folder.assetcatalog; path = Assets.xcassets; sourceTree = "<group>"; };
		A1000118 /* Info.plist */ = {isa = PBXFileReference; lastKnownFileType = text.plist.xml; path = Info.plist; sourceTree = "<group>"; };
		A1000119 /* MyWeChat.entitlements */ = {isa = PBXFileReference; lastKnownFileType = text.plist.entitlements; path = MyWeChat.entitlements; sourceTree = "<group>"; };
		A100011A /* MyWeChat.app */ = {isa = PBXFileReference; explicitFileType = wrapper.application; includeInIndex = 0; path = MyWeChat.app; sourceTree = BUILT_PRODUCTS_DIR; };
		A1000400 /* PhotosUI.framework */ = {isa = PBXFileReference; lastKnownFileType = wrapper.framework; name = PhotosUI.framework; path = System/Library/Frameworks/PhotosUI.framework; sourceTree = SDKROOT; };
		A1000401 /* QuickLook.framework */ = {isa = PBXFileReference; lastKnownFileType = wrapper.framework; name = QuickLook.framework; path = System/Library/Frameworks/QuickLook.framework; sourceTree = SDKROOT; };
		A1000402 /* AVFoundation.framework */ = {isa = PBXFileReference; lastKnownFileType = wrapper.framework; name = AVFoundation.framework; path = System/Library/Frameworks/AVFoundation.framework; sourceTree = SDKROOT; };
		A1000403 /* UserNotifications.framework */ = {isa = PBXFileReference; lastKnownFileType = wrapper.framework; name = UserNotifications.framework; path = System/Library/Frameworks/UserNotifications.framework; sourceTree = SDKROOT; };
		A1000404 /* MobileCoreServices.framework */ = {isa = PBXFileReference; lastKnownFileType = wrapper.framework; name = MobileCoreServices.framework; path = System/Library/Frameworks/MobileCoreServices.framework; sourceTree = SDKROOT; };
/* End PBXFileReference section */

/* Begin PBXFrameworksBuildPhase section */
		A1000601 /* Frameworks */ = {
			isa = PBXFrameworksBuildPhase;
			buildActionMask = 2147483647;
			files = (
				A1000300 /* PhotosUI.framework in Frameworks */,
				A1000301 /* QuickLook.framework in Frameworks */,
				A1000302 /* AVFoundation.framework in Frameworks */,
				A1000303 /* UserNotifications.framework in Frameworks */,
				A1000304 /* MobileCoreServices.framework in Frameworks */,
			);
			runOnlyForDeploymentPostprocessing = 0;
		};
/* End PBXFrameworksBuildPhase section */

/* Begin PBXGroup section */
		A1000500 /* Models */ = {
			isa = PBXGroup;
			children = (
				A1000102 /* Account.swift */,
				A1000103 /* Chat.swift */,
				A1000104 /* ChatMessage.swift */,
				A1000105 /* ScheduleTask.swift */,
				A1000106 /* AppSettings.swift */,
				A1000107 /* MediaSelection.swift */,
				A1000108 /* NetworkModels.swift */,
			);
			path = Models;
			sourceTree = "<group>";
		};
		A1000501 /* Services */ = {
			isa = PBXGroup;
			children = (
				A1000109 /* StorageManager.swift */,
				A100010A /* AudioRecorder.swift */,
			);
			path = Services;
			sourceTree = "<group>";
		};
		A1000502 /* Networking */ = {
			isa = PBXGroup;
			children = (
				A100010B /* APIClient.swift */,
				A100010C /* WebSocketManager.swift */,
				A100010D /* MediaPicker.swift */,
			);
			path = Networking;
			sourceTree = "<group>";
		};
		A1000503 /* Views */ = {
			isa = PBXGroup;
			children = (
				A100010E /* Helpers.swift */,
				A100010F /* RootView.swift */,
				A1000110 /* ChatListScreen.swift */,
				A1000111 /* ChatDetailScreen.swift */,
				A1000112 /* MessageRow.swift */,
				A1000113 /* AccountScreen.swift */,
				A1000114 /* ScheduleListScreen.swift */,
				A1000115 /* ScheduleEditorScreen.swift */,
				A1000116 /* SettingsScreen.swift */,
			);
			path = Views;
			sourceTree = "<group>";
		};
		A1000504 /* MyWeChat */ = {
			isa = PBXGroup;
			children = (
				A1000100 /* MyWeChatApp.swift */,
				A1000101 /* AppSession.swift */,
				A1000500 /* Models */,
				A1000501 /* Services */,
				A1000502 /* Networking */,
				A1000503 /* Views */,
				A1000117 /* Assets.xcassets */,
				A1000118 /* Info.plist */,
				A1000119 /* MyWeChat.entitlements */,
			);
			path = MyWeChat;
			sourceTree = "<group>";
		};
		A1000505 /* Products */ = {
			isa = PBXGroup;
			children = (
				A100011A /* MyWeChat.app */,
			);
			name = Products;
			sourceTree = "<group>";
		};
		A1000506 /* Frameworks */ = {
			isa = PBXGroup;
			children = (
				A1000400 /* PhotosUI.framework */,
				A1000401 /* QuickLook.framework */,
				A1000402 /* AVFoundation.framework */,
				A1000403 /* UserNotifications.framework */,
				A1000404 /* MobileCoreServices.framework */,
			);
			name = Frameworks;
			sourceTree = "<group>";
		};
		A1000507 = {
			isa = PBXGroup;
			children = (
				A1000504 /* MyWeChat */,
				A1000506 /* Frameworks */,
				A1000505 /* Products */,
			);
			sourceTree = "<group>";
		};
/* End PBXGroup section */

/* Begin PBXNativeTarget section */
		A1000700 /* MyWeChat */ = {
			isa = PBXNativeTarget;
			buildConfigurationList = A1000900 /* Build configuration list for PBXNativeTarget "MyWeChat" */;
			buildPhases = (
				A1000600 /* Sources */,
				A1000601 /* Frameworks */,
				A1000602 /* Resources */,
			);
			buildRules = (
			);
			dependencies = (
			);
			name = MyWeChat;
			productName = MyWeChat;
			productReference = A100011A /* MyWeChat.app */;
			productType = "com.apple.product-type.application";
		};
/* End PBXNativeTarget section */

/* Begin PBXProject section */
		A1000701 /* Project object */ = {
			isa = PBXProject;
			attributes = {
				BuildIndependentTargetsInParallel = 1;
				LastSwiftUpdateCheck = 1500;
				LastUpgradeCheck = 1500;
				TargetAttributes = {
					A1000700 = {
						CreatedOnToolsVersion = 15.0;
					};
				};
			};
			buildConfigurationList = A1000901 /* Build configuration list for PBXProject "MyWeChat" */;
			compatibilityVersion = "Xcode 14.0";
			developmentRegion = en;
			hasScannedForEncodings = 0;
			knownRegions = (
				en,
				Base,
			);
			mainGroup = A1000507;
			productRefGroup = A1000505 /* Products */;
			projectDirPath = "";
			projectRoot = "";
			targets = (
				A1000700 /* MyWeChat */,
			);
		};
/* End PBXProject section */

/* Begin PBXResourcesBuildPhase section */
		A1000602 /* Resources */ = {
			isa = PBXResourcesBuildPhase;
			buildActionMask = 2147483647;
			files = (
				A1000217 /* Assets.xcassets in Resources */,
			);
			runOnlyForDeploymentPostprocessing = 0;
		};
/* End PBXResourcesBuildPhase section */

/* Begin PBXSourcesBuildPhase section */
		A1000600 /* Sources */ = {
			isa = PBXSourcesBuildPhase;
			buildActionMask = 2147483647;
			files = (
				A1000200 /* MyWeChatApp.swift in Sources */,
				A1000201 /* AppSession.swift in Sources */,
				A1000202 /* Account.swift in Sources */,
				A1000203 /* Chat.swift in Sources */,
				A1000204 /* ChatMessage.swift in Sources */,
				A1000205 /* ScheduleTask.swift in Sources */,
				A1000206 /* AppSettings.swift in Sources */,
				A1000207 /* MediaSelection.swift in Sources */,
				A1000208 /* NetworkModels.swift in Sources */,
				A1000209 /* StorageManager.swift in Sources */,
				A100020A /* AudioRecorder.swift in Sources */,
				A100020B /* APIClient.swift in Sources */,
				A100020C /* WebSocketManager.swift in Sources */,
				A100020D /* MediaPicker.swift in Sources */,
				A100020E /* Helpers.swift in Sources */,
				A100020F /* RootView.swift in Sources */,
				A1000210 /* ChatListScreen.swift in Sources */,
				A1000211 /* ChatDetailScreen.swift in Sources */,
				A1000212 /* MessageRow.swift in Sources */,
				A1000213 /* AccountScreen.swift in Sources */,
				A1000214 /* ScheduleListScreen.swift in Sources */,
				A1000215 /* ScheduleEditorScreen.swift in Sources */,
				A1000216 /* SettingsScreen.swift in Sources */,
			);
			runOnlyForDeploymentPostprocessing = 0;
		};
/* End PBXSourcesBuildPhase section */

/* Begin XCBuildConfiguration section */
		A1000800 /* Debug */ = {
			isa = XCBuildConfiguration;
			buildSettings = {
				ALWAYS_SEARCH_USER_PATHS = NO;
				ASSETCATALOG_COMPILER_GENERATE_SWIFT_ASSET_SYMBOL_EXTENSIONS = YES;
				CLANG_ANALYZER_NONNULL = YES;
				CLANG_CXX_LANGUAGE_STANDARD = "gnu++20";
				CLANG_ENABLE_MODULES = YES;
				CLANG_ENABLE_OBJC_ARC = YES;
				CLANG_ENABLE_OBJC_WEAK = YES;
				CLANG_WARN_BLOCK_CAPTURE_AUTORELEASING = YES;
				CLANG_WARN_BOOL_CONVERSION = YES;
				CLANG_WARN_COMMA = YES;
				CLANG_WARN_CONSTANT_CONVERSION = YES;
				CLANG_WARN_DEPRECATED_OBJC_IMPLEMENTATIONS = YES;
				CLANG_WARN_DIRECT_OBJC_ISA_USAGE = YES_ERROR;
				CLANG_WARN_DOCUMENTATION_COMMENTS = YES;
				CLANG_WARN_EMPTY_BODY = YES;
				CLANG_WARN_ENUM_CONVERSION = YES;
				CLANG_WARN_INFINITE_RECURSION = YES;
				CLANG_WARN_INT_CONVERSION = YES;
				CLANG_WARN_NON_LITERAL_NULL_CONVERSION = YES;
				CLANG_WARN_OBJC_IMPLICIT_RETAIN_SELF = YES;
				CLANG_WARN_OBJC_LITERAL_CONVERSION = YES;
				CLANG_WARN_OBJC_ROOT_CLASS = YES_ERROR;
				CLANG_WARN_QUOTED_INCLUDE_IN_FRAMEWORK_HEADER = YES;
				CLANG_WARN_RANGE_LOOP_ANALYSIS = YES;
				CLANG_WARN_STRICT_PROTOTYPES = YES;
				CLANG_WARN_SUSPICIOUS_MOVE = YES;
				CLANG_WARN_UNGUARDED_AVAILABILITY = YES_AGGRESSIVE;
				CLANG_WARN_UNREACHABLE_CODE = YES;
				CLANG_WARN__DUPLICATE_METHOD_MATCH = YES;
				COPY_PHASE_STRIP = NO;
				DEBUG_INFORMATION_FORMAT = dwarf;
				ENABLE_STRICT_OBJC_MSGSEND = YES;
				ENABLE_TESTABILITY = YES;
				ENABLE_USER_SCRIPT_SANDBOXING = NO;
				GCC_C_LANGUAGE_STANDARD = gnu17;
				GCC_DYNAMIC_NO_PIC = NO;
				GCC_NO_COMMON_BLOCKS = YES;
				GCC_OPTIMIZATION_LEVEL = 0;
				GCC_PREPROCESSOR_DEFINITIONS = (
					"DEBUG=1",
					"$(inherited)",
				);
				GCC_WARN_64_TO_32_BIT_CONVERSION = YES;
				GCC_WARN_ABOUT_RETURN_TYPE = YES_ERROR;
				GCC_WARN_UNDECLARED_SELECTOR = YES;
				GCC_WARN_UNINITIALIZED_AUTOS = YES_AGGRESSIVE;
				GCC_WARN_UNUSED_FUNCTION = YES;
				GCC_WARN_UNUSED_VARIABLE = YES;
				IPHONEOS_DEPLOYMENT_TARGET = 16.0;
				LOCALIZATION_PREFERS_STRING_CATALOGS = YES;
				MTL_ENABLE_DEBUG_INFO = INCLUDE_SOURCE;
				MTL_FAST_MATH = YES;
				ONLY_ACTIVE_ARCH = YES;
				SDKROOT = iphoneos;
				SWIFT_ACTIVE_COMPILATION_CONDITIONS = "DEBUG $(inherited)";
				SWIFT_OPTIMIZATION_LEVEL = "-Onone";
			};
			name = Debug;
		};
		A1000801 /* Release */ = {
			isa = XCBuildConfiguration;
			buildSettings = {
				ALWAYS_SEARCH_USER_PATHS = NO;
				ASSETCATALOG_COMPILER_GENERATE_SWIFT_ASSET_SYMBOL_EXTENSIONS = YES;
				CLANG_ANALYZER_NONNULL = YES;
				CLANG_CXX_LANGUAGE_STANDARD = "gnu++20";
				CLANG_ENABLE_MODULES = YES;
				CLANG_ENABLE_OBJC_ARC = YES;
				CLANG_ENABLE_OBJC_WEAK = YES;
				CLANG_WARN_BLOCK_CAPTURE_AUTORELEASING = YES;
				CLANG_WARN_BOOL_CONVERSION = YES;
				CLANG_WARN_COMMA = YES;
				CLANG_WARN_CONSTANT_CONVERSION = YES;
				CLANG_WARN_DEPRECATED_OBJC_IMPLEMENTATIONS = YES;
				CLANG_WARN_DIRECT_OBJC_ISA_USAGE = YES_ERROR;
				CLANG_WARN_DOCUMENTATION_COMMENTS = YES;
				CLANG_WARN_EMPTY_BODY = YES;
				CLANG_WARN_ENUM_CONVERSION = YES;
				CLANG_WARN_INFINITE_RECURSION = YES;
				CLANG_WARN_INT_CONVERSION = YES;
				CLANG_WARN_NON_LITERAL_NULL_CONVERSION = YES;
				CLANG_WARN_OBJC_IMPLICIT_RETAIN_SELF = YES;
				CLANG_WARN_OBJC_LITERAL_CONVERSION = YES;
				CLANG_WARN_OBJC_ROOT_CLASS = YES_ERROR;
				CLANG_WARN_QUOTED_INCLUDE_IN_FRAMEWORK_HEADER = YES;
				CLANG_WARN_RANGE_LOOP_ANALYSIS = YES;
				CLANG_WARN_STRICT_PROTOTYPES = YES;
				CLANG_WARN_SUSPICIOUS_MOVE = YES;
				CLANG_WARN_UNGUARDED_AVAILABILITY = YES_AGGRESSIVE;
				CLANG_WARN_UNREACHABLE_CODE = YES;
				CLANG_WARN__DUPLICATE_METHOD_MATCH = YES;
				COPY_PHASE_STRIP = NO;
				DEBUG_INFORMATION_FORMAT = "dwarf-with-dsym";
				ENABLE_NS_ASSERTIONS = NO;
				ENABLE_STRICT_OBJC_MSGSEND = YES;
				ENABLE_USER_SCRIPT_SANDBOXING = NO;
				GCC_C_LANGUAGE_STANDARD = gnu17;
				GCC_NO_COMMON_BLOCKS = YES;
				GCC_WARN_64_TO_32_BIT_CONVERSION = YES;
				GCC_WARN_ABOUT_RETURN_TYPE = YES_ERROR;
				GCC_WARN_UNDECLARED_SELECTOR = YES;
				GCC_WARN_UNINITIALIZED_AUTOS = YES_AGGRESSIVE;
				GCC_WARN_UNUSED_FUNCTION = YES;
				GCC_WARN_UNUSED_VARIABLE = YES;
				IPHONEOS_DEPLOYMENT_TARGET = 16.0;
				LOCALIZATION_PREFERS_STRING_CATALOGS = YES;
				MTL_ENABLE_DEBUG_INFO = NO;
				MTL_FAST_MATH = YES;
				SDKROOT = iphoneos;
				SWIFT_COMPILATION_MODE = wholemodule;
				VALIDATE_PRODUCT = YES;
			};
			name = Release;
		};
		A1000802 /* Debug */ = {
			isa = XCBuildConfiguration;
			buildSettings = {
				ASSETCATALOG_COMPILER_APPICON_NAME = AppIcon;
				ASSETCATALOG_COMPILER_GLOBAL_ACCENT_COLOR_NAME = AccentColor;
				CODE_SIGN_ENTITLEMENTS = MyWeChat/MyWeChat.entitlements;
				CODE_SIGN_STYLE = Automatic;
				CURRENT_PROJECT_VERSION = 1;
				DEVELOPMENT_ASSET_PATHS = "";
				ENABLE_PREVIEWS = YES;
				GENERATE_INFOPLIST_FILE = YES;
				INFOPLIST_FILE = MyWeChat/Info.plist;
				INFOPLIST_KEY_UIApplicationSceneManifest_Generation = YES;
				INFOPLIST_KEY_UIApplicationSupportsIndirectInputEvents = YES;
				INFOPLIST_KEY_UILaunchScreen_Generation = YES;
				INFOPLIST_KEY_UISupportedInterfaceOrientations_iPad = "UIInterfaceOrientationPortrait UIInterfaceOrientationPortraitUpsideDown UIInterfaceOrientationLandscapeLeft UIInterfaceOrientationLandscapeRight";
				INFOPLIST_KEY_UISupportedInterfaceOrientations_iPhone = UIInterfaceOrientationPortrait;
				LD_RUNPATH_SEARCH_PATHS = (
					"$(inherited)",
					"@executable_path/Frameworks",
				);
				MARKETING_VERSION = 1.0;
				PRODUCT_BUNDLE_IDENTIFIER = com.example.MyWeChat;
				PRODUCT_NAME = "$(TARGET_NAME)";
				SWIFT_EMIT_LOC_STRINGS = YES;
				SWIFT_VERSION = 5.0;
				TARGETED_DEVICE_FAMILY = "1,2";
			};
			name = Debug;
		};
		A1000803 /* Release */ = {
			isa = XCBuildConfiguration;
			buildSettings = {
				ASSETCATALOG_COMPILER_APPICON_NAME = AppIcon;
				ASSETCATALOG_COMPILER_GLOBAL_ACCENT_COLOR_NAME = AccentColor;
				CODE_SIGN_ENTITLEMENTS = MyWeChat/MyWeChat.entitlements;
				CODE_SIGN_STYLE = Automatic;
				CURRENT_PROJECT_VERSION = 1;
				DEVELOPMENT_ASSET_PATHS = "";
				ENABLE_PREVIEWS = YES;
				GENERATE_INFOPLIST_FILE = YES;
				INFOPLIST_FILE = MyWeChat/Info.plist;
				INFOPLIST_KEY_UIApplicationSceneManifest_Generation = YES;
				INFOPLIST_KEY_UIApplicationSupportsIndirectInputEvents = YES;
				INFOPLIST_KEY_UILaunchScreen_Generation = YES;
				INFOPLIST_KEY_UISupportedInterfaceOrientations_iPad = "UIInterfaceOrientationPortrait UIInterfaceOrientationPortraitUpsideDown UIInterfaceOrientationLandscapeLeft UIInterfaceOrientationLandscapeRight";
				INFOPLIST_KEY_UISupportedInterfaceOrientations_iPhone = UIInterfaceOrientationPortrait;
				LD_RUNPATH_SEARCH_PATHS = (
					"$(inherited)",
					"@executable_path/Frameworks",
				);
				MARKETING_VERSION = 1.0;
				PRODUCT_BUNDLE_IDENTIFIER = com.example.MyWeChat;
				PRODUCT_NAME = "$(TARGET_NAME)";
				SWIFT_EMIT_LOC_STRINGS = YES;
				SWIFT_VERSION = 5.0;
				TARGETED_DEVICE_FAMILY = "1,2";
			};
			name = Release;
		};
/* End XCBuildConfiguration section */

/* Begin XCConfigurationList section */
		A1000900 /* Build configuration list for PBXNativeTarget "MyWeChat" */ = {
			isa = XCConfigurationList;
			buildConfigurations = (
				A1000802 /* Debug */,
				A1000803 /* Release */,
			);
			defaultConfigurationIsVisible = 0;
			defaultConfigurationName = Release;
		};
		A1000901 /* Build configuration list for PBXProject "MyWeChat" */ = {
			isa = XCConfigurationList;
			buildConfigurations = (
				A1000800 /* Debug */,
				A1000801 /* Release */,
			);
			defaultConfigurationIsVisible = 0;
			defaultConfigurationName = Release;
		};
/* End XCConfigurationList section */
	};
	rootObject = A1000701 /* Project object */;
}
